
Microsoft Visual Studio Solution File, Format Version 12.00
# Visual Studio Version 17
VisualStudioVersion = 17.5.33516.290
MinimumVisualStudioVersion = 10.0.40219.1
Project("{C9674DCB-5085-4A16-B785-4C70DD1589BD}") = "SSIS practice", "SSIS practice\SSIS practice.dtproj", "{D5F2EFB6-15D2-4556-8A56-BA46A7C793E1}"
EndProject
Global
	GlobalSection(SolutionConfigurationPlatforms) = preSolution
		Development|Default = Development|Default
	EndGlobalSection
	GlobalSection(ProjectConfigurationPlatforms) = postSolution
		{D5F2EFB6-15D2-4556-8A56-BA46A7C793E1}.Development|Default.ActiveCfg = Development
		{D5F2EFB6-15D2-4556-8A56-BA46A7C793E1}.Development|Default.Build.0 = Development
	EndGlobalSection
	GlobalSection(SolutionProperties) = preSolution
		HideSolutionNode = FALSE
	EndGlobalSection
	GlobalSection(ExtensibilityGlobals) = postSolution
		SolutionGuid = {CFAB432C-6EE6-445D-8937-2BF3984B7B94}
	EndGlobalSection
EndGlobal
